{
    "requires": true,
    "lockfileVersion": 1,
    "dependencies": {
        "materialize-stepper": {
            "version": "3.0.0-beta.1.1.1",
            "resolved": "https://registry.npmjs.org/materialize-stepper/-/materialize-stepper-3.0.0-beta.1.1.1.tgz",
            "integrity": "sha512-GdAvWa0k8PjeAXh4xSz/GAvQZGjO2IwJJjtng8lejbpxM0e4BSihWxc8LTGi7zIQPyEnrpT+qW11dA8+1tV/6A=="
        }
    }
}
